// !$*UTF8*$!
{
	archiveVersion = 1;
	classes = {
	};
	objectVersion = 50;
	objects = {

/* Begin PBXBuildFile section */
		C32D7E14244DA123003E13CE /* Main.storyboard in Resources */ = {isa = PBXBuildFile; fileRef = C32D7E12244DA123003E13CE /* Main.storyboard */; };
		C32D7E16244DA19C003E13CE /* ViewController.swift in Sources */ = {isa = PBXBuildFile; fileRef = C32D7E15244DA19C003E13CE /* ViewController.swift */; };
		C3745C7F243E10A4003A7D51 /* AppDelegate.swift in Sources */ = {isa = PBXBuildFile; fileRef = C3745C7E243E10A4003A7D51 /* AppDelegate.swift */; };
		C3745C81243E10A4003A7D51 /* SceneDelegate.swift in Sources */ = {isa = PBXBuildFile; fileRef = C3745C80243E10A4003A7D51 /* SceneDelegate.swift */; };
		C3745C83243E10A4003A7D51 /* HomeViewController.swift in Sources */ = {isa = PBXBuildFile; fileRef = C3745C82243E10A4003A7D51 /* HomeViewController.swift */; };
		C3745C86243E10A4003A7D51 /* MainFirst.storyboard in Resources */ = {isa = PBXBuildFile; fileRef = C3745C84243E10A4003A7D51 /* MainFirst.storyboard */; };
		C3745C88243E10A5003A7D51 /* Assets.xcassets in Resources */ = {isa = PBXBuildFile; fileRef = C3745C87243E10A5003A7D51 /* Assets.xcassets */; };
		C3745C96243E10A5003A7D51 /* FirstAppTests.swift in Sources */ = {isa = PBXBuildFile; fileRef = C3745C95243E10A5003A7D51 /* FirstAppTests.swift */; };
		C3745CA1243E10A5003A7D51 /* FirstAppUITests.swift in Sources */ = {isa = PBXBuildFile; fileRef = C3745CA0243E10A5003A7D51 /* FirstAppUITests.swift */; };
		C3745CBA243F1352003A7D51 /* TextFieldView.xib in Resources */ = {isa = PBXBuildFile; fileRef = C3745CB6243F1352003A7D51 /* TextFieldView.xib */; };
		C3745CBB243F1352003A7D51 /* LaunchScreen.storyboard in Resources */ = {isa = PBXBuildFile; fileRef = C3745CB8243F1352003A7D51 /* LaunchScreen.storyboard */; };
		C3745CBD243F149E003A7D51 /* TextFieldView.swift in Sources */ = {isa = PBXBuildFile; fileRef = C3745CBC243F149E003A7D51 /* TextFieldView.swift */; };
		C38092E724473BD100C765D3 /* CustomTableViewCell.swift in Sources */ = {isa = PBXBuildFile; fileRef = C38092E624473BD100C765D3 /* CustomTableViewCell.swift */; };
		C38092EA244825E400C765D3 /* CustomTableViewCell.xib in Resources */ = {isa = PBXBuildFile; fileRef = C38092E8244825E400C765D3 /* CustomTableViewCell.xib */; };
		C38092EC2448392A00C765D3 /* CollectionViewController.swift in Sources */ = {isa = PBXBuildFile; fileRef = C38092EB2448392A00C765D3 /* CollectionViewController.swift */; };
		C3886AB824456F1200C28DCE /* TableViewController.swift in Sources */ = {isa = PBXBuildFile; fileRef = C3886AB724456F1200C28DCE /* TableViewController.swift */; };
		C3886ABB2445BBCF00C28DCE /* SelectDayController.swift in Sources */ = {isa = PBXBuildFile; fileRef = C3886AB92445BBCF00C28DCE /* SelectDayController.swift */; };
		C3886ABC2445BBCF00C28DCE /* SelectDayController.xib in Resources */ = {isa = PBXBuildFile; fileRef = C3886ABA2445BBCF00C28DCE /* SelectDayController.xib */; };
		C39FBE2B24485B2100DEB2E1 /* CustomCollectionViewCell.swift in Sources */ = {isa = PBXBuildFile; fileRef = C39FBE2A24485B2100DEB2E1 /* CustomCollectionViewCell.swift */; };
/* End PBXBuildFile section */

/* Begin PBXContainerItemProxy section */
		C3745C92243E10A5003A7D51 /* PBXContainerItemProxy */ = {
			isa = PBXContainerItemProxy;
			containerPortal = C3745C73243E10A4003A7D51 /* Project object */;
			proxyType = 1;
			remoteGlobalIDString = C3745C7A243E10A4003A7D51;
			remoteInfo = FirstApp;
		};
		C3745C9D243E10A5003A7D51 /* PBXContainerItemProxy */ = {
			isa = PBXContainerItemProxy;
			containerPortal = C3745C73243E10A4003A7D51 /* Project object */;
			proxyType = 1;
			remoteGlobalIDString = C3745C7A243E10A4003A7D51;
			remoteInfo = FirstApp;
		};
/* End PBXContainerItemProxy section */

/* Begin PBXFileReference section */
		C32D7E13244DA123003E13CE /* Base */ = {isa = PBXFileReference; lastKnownFileType = file.storyboard; name = Base; path = Base.lproj/Main.storyboard; sourceTree = "<group>"; };
		C32D7E15244DA19C003E13CE /* ViewController.swift */ = {isa = PBXFileReference; lastKnownFileType = sourcecode.swift; path = ViewController.swift; sourceTree = "<group>"; };
		C3745C7B243E10A4003A7D51 /* FirstApp.app */ = {isa = PBXFileReference; explicitFileType = wrapper.application; includeInIndex = 0; path = FirstApp.app; sourceTree = BUILT_PRODUCTS_DIR; };
		C3745C7E243E10A4003A7D51 /* AppDelegate.swift */ = {isa = PBXFileReference; lastKnownFileType = sourcecode.swift; path = AppDelegate.swift; sourceTree = "<group>"; };
		C3745C80243E10A4003A7D51 /* SceneDelegate.swift */ = {isa = PBXFileReference; lastKnownFileType = sourcecode.swift; path = SceneDelegate.swift; sourceTree = "<group>"; };
		C3745C82243E10A4003A7D51 /* HomeViewController.swift */ = {isa = PBXFileReference; lastKnownFileType = sourcecode.swift; path = HomeViewController.swift; sourceTree = "<group>"; };
		C3745C85243E10A4003A7D51 /* Base */ = {isa = PBXFileReference; lastKnownFileType = file.storyboard; name = Base; path = Base.lproj/MainFirst.storyboard; sourceTree = "<group>"; };
		C3745C87243E10A5003A7D51 /* Assets.xcassets */ = {isa = PBXFileReference; lastKnownFileType = folder.assetcatalog; path = Assets.xcassets; sourceTree = "<group>"; };
		C3745C8C243E10A5003A7D51 /* Info.plist */ = {isa = PBXFileReference; lastKnownFileType = text.plist.xml; path = Info.plist; sourceTree = "<group>"; };
		C3745C91243E10A5003A7D51 /* FirstAppTests.xctest */ = {isa = PBXFileReference; explicitFileType = wrapper.cfbundle; includeInIndex = 0; path = FirstAppTests.xctest; sourceTree = BUILT_PRODUCTS_DIR; };
		C3745C95243E10A5003A7D51 /* FirstAppTests.swift */ = {isa = PBXFileReference; lastKnownFileType = sourcecode.swift; path = FirstAppTests.swift; sourceTree = "<group>"; };
		C3745C97243E10A5003A7D51 /* Info.plist */ = {isa = PBXFileReference; lastKnownFileType = text.plist.xml; path = Info.plist; sourceTree = "<group>"; };
		C3745C9C243E10A5003A7D51 /* FirstAppUITests.xctest */ = {isa = PBXFileReference; explicitFileType = wrapper.cfbundle; includeInIndex = 0; path = FirstAppUITests.xctest; sourceTree = BUILT_PRODUCTS_DIR; };
		C3745CA0243E10A5003A7D51 /* FirstAppUITests.swift */ = {isa = PBXFileReference; lastKnownFileType = sourcecode.swift; path = FirstAppUITests.swift; sourceTree = "<group>"; };
		C3745CA2243E10A5003A7D51 /* Info.plist */ = {isa = PBXFileReference; lastKnownFileType = text.plist.xml; path = Info.plist; sourceTree = "<group>"; };
		C3745CB7243F1352003A7D51 /* Base */ = {isa = PBXFileReference; lastKnownFileType = file.xib; name = Base; path = Base.lproj/TextFieldView.xib; sourceTree = "<group>"; };
		C3745CB9243F1352003A7D51 /* Base */ = {isa = PBXFileReference; lastKnownFileType = file.storyboard; name = Base; path = Base.lproj/LaunchScreen.storyboard; sourceTree = "<group>"; };
		C3745CBC243F149E003A7D51 /* TextFieldView.swift */ = {isa = PBXFileReference; lastKnownFileType = sourcecode.swift; path = TextFieldView.swift; sourceTree = "<group>"; };
		C38092E624473BD100C765D3 /* CustomTableViewCell.swift */ = {isa = PBXFileReference; lastKnownFileType = sourcecode.swift; path = CustomTableViewCell.swift; sourceTree = "<group>"; };
		C38092E9244825E400C765D3 /* Base */ = {isa = PBXFileReference; lastKnownFileType = file.xib; name = Base; path = Base.lproj/CustomTableViewCell.xib; sourceTree = "<group>"; };
		C38092EB2448392A00C765D3 /* CollectionViewController.swift */ = {isa = PBXFileReference; lastKnownFileType = sourcecode.swift; path = CollectionViewController.swift; sourceTree = "<group>"; };
		C3886AB724456F1200C28DCE /* TableViewController.swift */ = {isa = PBXFileReference; lastKnownFileType = sourcecode.swift; path = TableViewController.swift; sourceTree = "<group>"; };
		C3886AB92445BBCF00C28DCE /* SelectDayController.swift */ = {isa = PBXFileReference; lastKnownFileType = sourcecode.swift; path = SelectDayController.swift; sourceTree = "<group>"; };
		C3886ABA2445BBCF00C28DCE /* SelectDayController.xib */ = {isa = PBXFileReference; lastKnownFileType = file.xib; path = SelectDayController.xib; sourceTree = "<group>"; };
		C39FBE2A24485B2100DEB2E1 /* CustomCollectionViewCell.swift */ = {isa = PBXFileReference; lastKnownFileType = sourcecode.swift; path = CustomCollectionViewCell.swift; sourceTree = "<group>"; };
/* End PBXFileReference section */

/* Begin PBXFrameworksBuildPhase section */
		C3745C78243E10A4003A7D51 /* Frameworks */ = {
			isa = PBXFrameworksBuildPhase;
			buildActionMask = 2147483647;
			files = (
			);
			runOnlyForDeploymentPostprocessing = 0;
		};
		C3745C8E243E10A5003A7D51 /* Frameworks */ = {
			isa = PBXFrameworksBuildPhase;
			buildActionMask = 2147483647;
			files = (
			);
			runOnlyForDeploymentPostprocessing = 0;
		};
		C3745C99243E10A5003A7D51 /* Frameworks */ = {
			isa = PBXFrameworksBuildPhase;
			buildActionMask = 2147483647;
			files = (
			);
			runOnlyForDeploymentPostprocessing = 0;
		};
/* End PBXFrameworksBuildPhase section */

/* Begin PBXGroup section */
		C3745C72243E10A4003A7D51 = {
			isa = PBXGroup;
			children = (
				C3745C7D243E10A4003A7D51 /* FirstApp */,
				C3745C94243E10A5003A7D51 /* FirstAppTests */,
				C3745C9F243E10A5003A7D51 /* FirstAppUITests */,
				C3745C7C243E10A4003A7D51 /* Products */,
			);
			sourceTree = "<group>";
		};
		C3745C7C243E10A4003A7D51 /* Products */ = {
			isa = PBXGroup;
			children = (
				C3745C7B243E10A4003A7D51 /* FirstApp.app */,
				C3745C91243E10A5003A7D51 /* FirstAppTests.xctest */,
				C3745C9C243E10A5003A7D51 /* FirstAppUITests.xctest */,
			);
			name = Products;
			sourceTree = "<group>";
		};
		C3745C7D243E10A4003A7D51 /* FirstApp */ = {
			isa = PBXGroup;
			children = (
				C3AA6CE224AF8A6F00659FAD /* SelectDayScreen */,
				C3AA6CE124AF87A100659FAD /* TextFieldView */,
				C39FBE2D24485B6100DEB2E1 /* CollectionView */,
				C39FBE2C24485B2F00DEB2E1 /* TableView */,
				C3745CB8243F1352003A7D51 /* LaunchScreen.storyboard */,
				C3745C7E243E10A4003A7D51 /* AppDelegate.swift */,
				C3745C80243E10A4003A7D51 /* SceneDelegate.swift */,
				C3745C82243E10A4003A7D51 /* HomeViewController.swift */,
				C3745C84243E10A4003A7D51 /* MainFirst.storyboard */,
				C3745C87243E10A5003A7D51 /* Assets.xcassets */,
				C3745C8C243E10A5003A7D51 /* Info.plist */,
				C32D7E12244DA123003E13CE /* Main.storyboard */,
				C32D7E15244DA19C003E13CE /* ViewController.swift */,
			);
			path = FirstApp;
			sourceTree = "<group>";
		};
		C3745C94243E10A5003A7D51 /* FirstAppTests */ = {
			isa = PBXGroup;
			children = (
				C3745C95243E10A5003A7D51 /* FirstAppTests.swift */,
				C3745C97243E10A5003A7D51 /* Info.plist */,
			);
			path = FirstAppTests;
			sourceTree = "<group>";
		};
		C3745C9F243E10A5003A7D51 /* FirstAppUITests */ = {
			isa = PBXGroup;
			children = (
				C3745CA0243E10A5003A7D51 /* FirstAppUITests.swift */,
				C3745CA2243E10A5003A7D51 /* Info.plist */,
			);
			path = FirstAppUITests;
			sourceTree = "<group>";
		};
		C39FBE2C24485B2F00DEB2E1 /* TableView */ = {
			isa = PBXGroup;
			children = (
				C38092E624473BD100C765D3 /* CustomTableViewCell.swift */,
				C3886AB724456F1200C28DCE /* TableViewController.swift */,
				C38092E8244825E400C765D3 /* CustomTableViewCell.xib */,
			);
			path = TableView;
			sourceTree = "<group>";
		};
		C39FBE2D24485B6100DEB2E1 /* CollectionView */ = {
			isa = PBXGroup;
			children = (
				C38092EB2448392A00C765D3 /* CollectionViewController.swift */,
				C39FBE2A24485B2100DEB2E1 /* CustomCollectionViewCell.swift */,
			);
			path = CollectionView;
			sourceTree = "<group>";
		};
		C3AA6CE124AF87A100659FAD /* TextFieldView */ = {
			isa = PBXGroup;
			children = (
				C3745CB6243F1352003A7D51 /* TextFieldView.xib */,
				C3745CBC243F149E003A7D51 /* TextFieldView.swift */,
			);
			path = TextFieldView;
			sourceTree = "<group>";
		};
		C3AA6CE224AF8A6F00659FAD /* SelectDayScreen */ = {
			isa = PBXGroup;
			children = (
				C3886AB92445BBCF00C28DCE /* SelectDayController.swift */,
				C3886ABA2445BBCF00C28DCE /* SelectDayController.xib */,
			);
			path = SelectDayScreen;
			sourceTree = "<group>";
		};
/* End PBXGroup section */

/* Begin PBXNativeTarget section */
		C3745C7A243E10A4003A7D51 /* FirstApp */ = {
			isa = PBXNativeTarget;
			buildConfigurationList = C3745CA5243E10A5003A7D51 /* Build configuration list for PBXNativeTarget "FirstApp" */;
			buildPhases = (
				C3745C77243E10A4003A7D51 /* Sources */,
				C3745C78243E10A4003A7D51 /* Frameworks */,
				C3745C79243E10A4003A7D51 /* Resources */,
			);
			buildRules = (
			);
			dependencies = (
			);
			name = FirstApp;
			productName = FirstApp;
			productReference = C3745C7B243E10A4003A7D51 /* FirstApp.app */;
			productType = "com.apple.product-type.application";
		};
		C3745C90243E10A5003A7D51 /* FirstAppTests */ = {
			isa = PBXNativeTarget;
			buildConfigurationList = C3745CA8243E10A5003A7D51 /* Build configuration list for PBXNativeTarget "FirstAppTests" */;
			buildPhases = (
				C3745C8D243E10A5003A7D51 /* Sources */,
				C3745C8E243E10A5003A7D51 /* Frameworks */,
				C3745C8F243E10A5003A7D51 /* Resources */,
			);
			buildRules = (
			);
			dependencies = (
				C3745C93243E10A5003A7D51 /* PBXTargetDependency */,
			);
			name = FirstAppTests;
			productName = FirstAppTests;
			productReference = C3745C91243E10A5003A7D51 /* FirstAppTests.xctest */;
			productType = "com.apple.product-type.bundle.unit-test";
		};
		C3745C9B243E10A5003A7D51 /* FirstAppUITests */ = {
			isa = PBXNativeTarget;
			buildConfigurationList = C3745CAB243E10A5003A7D51 /* Build configuration list for PBXNativeTarget "FirstAppUITests" */;
			buildPhases = (
				C3745C98243E10A5003A7D51 /* Sources */,
				C3745C99243E10A5003A7D51 /* Frameworks */,
				C3745C9A243E10A5003A7D51 /* Resources */,
			);
			buildRules = (
			);
			dependencies = (
				C3745C9E243E10A5003A7D51 /* PBXTargetDependency */,
			);
			name = FirstAppUITests;
			productName = FirstAppUITests;
			productReference = C3745C9C243E10A5003A7D51 /* FirstAppUITests.xctest */;
			productType = "com.apple.product-type.bundle.ui-testing";
		};
/* End PBXNativeTarget section */

/* Begin PBXProject section */
		C3745C73243E10A4003A7D51 /* Project object */ = {
			isa = PBXProject;
			attributes = {
				LastSwiftUpdateCheck = 1130;
				LastUpgradeCheck = 1130;
				ORGANIZATIONNAME = "Ibnu Siena Syam";
				TargetAttributes = {
					C3745C7A243E10A4003A7D51 = {
						CreatedOnToolsVersion = 11.3.1;
					};
					C3745C90243E10A5003A7D51 = {
						CreatedOnToolsVersion = 11.3.1;
						TestTargetID = C3745C7A243E10A4003A7D51;
					};
					C3745C9B243E10A5003A7D51 = {
						CreatedOnToolsVersion = 11.3.1;
						TestTargetID = C3745C7A243E10A4003A7D51;
					};
				};
			};
			buildConfigurationList = C3745C76243E10A4003A7D51 /* Build configuration list for PBXProject "FirstApp" */;
			compatibilityVersion = "Xcode 9.3";
			developmentRegion = en;
			hasScannedForEncodings = 0;
			knownRegions = (
				en,
				Base,
			);
			mainGroup = C3745C72243E10A4003A7D51;
			productRefGroup = C3745C7C243E10A4003A7D51 /* Products */;
			projectDirPath = "";
			projectRoot = "";
			targets = (
				C3745C7A243E10A4003A7D51 /* FirstApp */,
				C3745C90243E10A5003A7D51 /* FirstAppTests */,
				C3745C9B243E10A5003A7D51 /* FirstAppUITests */,
			);
		};
/* End PBXProject section */

/* Begin PBXResourcesBuildPhase section */
		C3745C79243E10A4003A7D51 /* Resources */ = {
			isa = PBXResourcesBuildPhase;
			buildActionMask = 2147483647;
			files = (
				C3745C88243E10A5003A7D51 /* Assets.xcassets in Resources */,
				C3745CBB243F1352003A7D51 /* LaunchScreen.storyboard in Resources */,
				C38092EA244825E400C765D3 /* CustomTableViewCell.xib in Resources */,
				C3886ABC2445BBCF00C28DCE /* SelectDayController.xib in Resources */,
				C3745CBA243F1352003A7D51 /* TextFieldView.xib in Resources */,
				C32D7E14244DA123003E13CE /* Main.storyboard in Resources */,
				C3745C86243E10A4003A7D51 /* MainFirst.storyboard in Resources */,
			);
			runOnlyForDeploymentPostprocessing = 0;
		};
		C3745C8F243E10A5003A7D51 /* Resources */ = {
			isa = PBXResourcesBuildPhase;
			buildActionMask = 2147483647;
			files = (
			);
			runOnlyForDeploymentPostprocessing = 0;
		};
		C3745C9A243E10A5003A7D51 /* Resources */ = {
			isa = PBXResourcesBuildPhase;
			buildActionMask = 2147483647;
			files = (
			);
			runOnlyForDeploymentPostprocessing = 0;
		};
/* End PBXResourcesBuildPhase section */

/* Begin PBXSourcesBuildPhase section */
		C3745C77243E10A4003A7D51 /* Sources */ = {
			isa = PBXSourcesBuildPhase;
			buildActionMask = 2147483647;
			files = (
				C32D7E16244DA19C003E13CE /* ViewController.swift in Sources */,
				C3745C83243E10A4003A7D51 /* HomeViewController.swift in Sources */,
				C39FBE2B24485B2100DEB2E1 /* CustomCollectionViewCell.swift in Sources */,
				C3745CBD243F149E003A7D51 /* TextFieldView.swift in Sources */,
				C3886AB824456F1200C28DCE /* TableViewController.swift in Sources */,
				C38092E724473BD100C765D3 /* CustomTableViewCell.swift in Sources */,
				C38092EC2448392A00C765D3 /* CollectionViewController.swift in Sources */,
				C3886ABB2445BBCF00C28DCE /* SelectDayController.swift in Sources */,
				C3745C7F243E10A4003A7D51 /* AppDelegate.swift in Sources */,
				C3745C81243E10A4003A7D51 /* SceneDelegate.swift in Sources */,
			);
			runOnlyForDeploymentPostprocessing = 0;
		};
		C3745C8D243E10A5003A7D51 /* Sources */ = {
			isa = PBXSourcesBuildPhase;
			buildActionMask = 2147483647;
			files = (
				C3745C96243E10A5003A7D51 /* FirstAppTests.swift in Sources */,
			);
			runOnlyForDeploymentPostprocessing = 0;
		};
		C3745C98243E10A5003A7D51 /* Sources */ = {
			isa = PBXSourcesBuildPhase;
			buildActionMask = 2147483647;
			files = (
				C3745CA1243E10A5003A7D51 /* FirstAppUITests.swift in Sources */,
			);
			runOnlyForDeploymentPostprocessing = 0;
		};
/* End PBXSourcesBuildPhase section */

/* Begin PBXTargetDependency section */
		C3745C93243E10A5003A7D51 /* PBXTargetDependency */ = {
			isa = PBXTargetDependency;
			target = C3745C7A243E10A4003A7D51 /* FirstApp */;
			targetProxy = C3745C92243E10A5003A7D51 /* PBXContainerItemProxy */;
		};
		C3745C9E243E10A5003A7D51 /* PBXTargetDependency */ = {
			isa = PBXTargetDependency;
			target = C3745C7A243E10A4003A7D51 /* FirstApp */;
			targetProxy = C3745C9D243E10A5003A7D51 /* PBXContainerItemProxy */;
		};
/* End PBXTargetDependency section */

/* Begin PBXVariantGroup section */
		C32D7E12244DA123003E13CE /* Main.storyboard */ = {
			isa = PBXVariantGroup;
			children = (
				C32D7E13244DA123003E13CE /* Base */,
			);
			name = Main.storyboard;
			sourceTree = "<group>";
		};
		C3745C84243E10A4003A7D51 /* MainFirst.storyboard */ = {
			isa = PBXVariantGroup;
			children = (
				C3745C85243E10A4003A7D51 /* Base */,
			);
			name = MainFirst.storyboard;
			sourceTree = "<group>";
		};
		C3745CB6243F1352003A7D51 /* TextFieldView.xib */ = {
			isa = PBXVariantGroup;
			children = (
				C3745CB7243F1352003A7D51 /* Base */,
			);
			name = TextFieldView.xib;
			sourceTree = "<group>";
		};
		C3745CB8243F1352003A7D51 /* LaunchScreen.storyboard */ = {
			isa = PBXVariantGroup;
			children = (
				C3745CB9243F1352003A7D51 /* Base */,
			);
			name = LaunchScreen.storyboard;
			sourceTree = "<group>";
		};
		C38092E8244825E400C765D3 /* CustomTableViewCell.xib */ = {
			isa = PBXVariantGroup;
			children = (
				C38092E9244825E400C765D3 /* Base */,
			);
			name = CustomTableViewCell.xib;
			sourceTree = "<group>";
		};
/* End PBXVariantGroup section */

/* Begin XCBuildConfiguration section */
		C3745CA3243E10A5003A7D51 /* Debug */ = {
			isa = XCBuildConfiguration;
			buildSettings = {
				ALWAYS_SEARCH_USER_PATHS = NO;
				CLANG_ANALYZER_NONNULL = YES;
				CLANG_ANALYZER_NUMBER_OBJECT_CONVERSION = YES_AGGRESSIVE;
				CLANG_CXX_LANGUAGE_STANDARD = "gnu++14";
				CLANG_CXX_LIBRARY = "libc++";
				CLANG_ENABLE_MODULES = YES;
				CLANG_ENABLE_OBJC_ARC = YES;
				CLANG_ENABLE_OBJC_WEAK = YES;
				CLANG_WARN_BLOCK_CAPTURE_AUTORELEASING = YES;
				CLANG_WARN_BOOL_CONVERSION = YES;
				CLANG_WARN_COMMA = YES;
				CLANG_WARN_CONSTANT_CONVERSION = YES;
				CLANG_WARN_DEPRECATED_OBJC_IMPLEMENTATIONS = YES;
				CLANG_WARN_DIRECT_OBJC_ISA_USAGE = YES_ERROR;
				CLANG_WARN_DOCUMENTATION_COMMENTS = YES;
				CLANG_WARN_EMPTY_BODY = YES;
				CLANG_WARN_ENUM_CONVERSION = YES;
				CLANG_WARN_INFINITE_RECURSION = YES;
				CLANG_WARN_INT_CONVERSION = YES;
				CLANG_WARN_NON_LITERAL_NULL_CONVERSION = YES;
				CLANG_WARN_OBJC_IMPLICIT_RETAIN_SELF = YES;
				CLANG_WARN_OBJC_LITERAL_CONVERSION = YES;
				CLANG_WARN_OBJC_ROOT_CLASS = YES_ERROR;
				CLANG_WARN_RANGE_LOOP_ANALYSIS = YES;
				CLANG_WARN_STRICT_PROTOTYPES = YES;
				CLANG_WARN_SUSPICIOUS_MOVE = YES;
				CLANG_WARN_UNGUARDED_AVAILABILITY = YES_AGGRESSIVE;
				CLANG_WARN_UNREACHABLE_CODE = YES;
				CLANG_WARN__DUPLICATE_METHOD_MATCH = YES;
				COPY_PHASE_STRIP = NO;
				DEBUG_INFORMATION_FORMAT = dwarf;
				ENABLE_STRICT_OBJC_MSGSEND = YES;
				ENABLE_TESTABILITY = YES;
				GCC_C_LANGUAGE_STANDARD = gnu11;
				GCC_DYNAMIC_NO_PIC = NO;
				GCC_NO_COMMON_BLOCKS = YES;
				GCC_OPTIMIZATION_LEVEL = 0;
				GCC_PREPROCESSOR_DEFINITIONS = (
					"DEBUG=1",
					"$(inherited)",
				);
				GCC_WARN_64_TO_32_BIT_CONVERSION = YES;
				GCC_WARN_ABOUT_RETURN_TYPE = YES_ERROR;
				GCC_WARN_UNDECLARED_SELECTOR = YES;
				GCC_WARN_UNINITIALIZED_AUTOS = YES_AGGRESSIVE;
				GCC_WARN_UNUSED_FUNCTION = YES;
				GCC_WARN_UNUSED_VARIABLE = YES;
				IPHONEOS_DEPLOYMENT_TARGET = 13.2;
				MTL_ENABLE_DEBUG_INFO = INCLUDE_SOURCE;
				MTL_FAST_MATH = YES;
				ONLY_ACTIVE_ARCH = YES;
				SDKROOT = iphoneos;
				SWIFT_ACTIVE_COMPILATION_CONDITIONS = DEBUG;
				SWIFT_OPTIMIZATION_LEVEL = "-Onone";
			};
			name = Debug;
		};
		C3745CA4243E10A5003A7D51 /* Release */ = {
			isa = XCBuildConfiguration;
			buildSettings = {
				ALWAYS_SEARCH_USER_PATHS = NO;
				CLANG_ANALYZER_NONNULL = YES;
				CLANG_ANALYZER_NUMBER_OBJECT_CONVERSION = YES_AGGRESSIVE;
				CLANG_CXX_LANGUAGE_STANDARD = "gnu++14";
				CLANG_CXX_LIBRARY = "libc++";
				CLANG_ENABLE_MODULES = YES;
				CLANG_ENABLE_OBJC_ARC = YES;
				CLANG_ENABLE_OBJC_WEAK = YES;
				CLANG_WARN_BLOCK_CAPTURE_AUTORELEASING = YES;
				CLANG_WARN_BOOL_CONVERSION = YES;
				CLANG_WARN_COMMA = YES;
				CLANG_WARN_CONSTANT_CONVERSION = YES;
				CLANG_WARN_DEPRECATED_OBJC_IMPLEMENTATIONS = YES;
				CLANG_WARN_DIRECT_OBJC_ISA_USAGE = YES_ERROR;
				CLANG_WARN_DOCUMENTATION_COMMENTS = YES;
				CLANG_WARN_EMPTY_BODY = YES;
				CLANG_WARN_ENUM_CONVERSION = YES;
				CLANG_WARN_INFINITE_RECURSION = YES;
				CLANG_WARN_INT_CONVERSION = YES;
				CLANG_WARN_NON_LITERAL_NULL_CONVERSION = YES;
				CLANG_WARN_OBJC_IMPLICIT_RETAIN_SELF = YES;
				CLANG_WARN_OBJC_LITERAL_CONVERSION = YES;
				CLANG_WARN_OBJC_ROOT_CLASS = YES_ERROR;
				CLANG_WARN_RANGE_LOOP_ANALYSIS = YES;
				CLANG_WARN_STRICT_PROTOTYPES = YES;
				CLANG_WARN_SUSPICIOUS_MOVE = YES;
				CLANG_WARN_UNGUARDED_AVAILABILITY = YES_AGGRESSIVE;
				CLANG_WARN_UNREACHABLE_CODE = YES;
				CLANG_WARN__DUPLICATE_METHOD_MATCH = YES;
				COPY_PHASE_STRIP = NO;
				DEBUG_INFORMATION_FORMAT = "dwarf-with-dsym";
				ENABLE_NS_ASSERTIONS = NO;
				ENABLE_STRICT_OBJC_MSGSEND = YES;
				GCC_C_LANGUAGE_STANDARD = gnu11;
				GCC_NO_COMMON_BLOCKS = YES;
				GCC_WARN_64_TO_32_BIT_CONVERSION = YES;
				GCC_WARN_ABOUT_RETURN_TYPE = YES_ERROR;
				GCC_WARN_UNDECLARED_SELECTOR = YES;
				GCC_WARN_UNINITIALIZED_AUTOS = YES_AGGRESSIVE;
				GCC_WARN_UNUSED_FUNCTION = YES;
				GCC_WARN_UNUSED_VARIABLE = YES;
				IPHONEOS_DEPLOYMENT_TARGET = 13.2;
				MTL_ENABLE_DEBUG_INFO = NO;
				MTL_FAST_MATH = YES;
				SDKROOT = iphoneos;
				SWIFT_COMPILATION_MODE = wholemodule;
				SWIFT_OPTIMIZATION_LEVEL = "-O";
				VALIDATE_PRODUCT = YES;
			};
			name = Release;
		};
		C3745CA6243E10A5003A7D51 /* Debug */ = {
			isa = XCBuildConfiguration;
			buildSettings = {
				ASSETCATALOG_COMPILER_APPICON_NAME = AppIcon;
				CODE_SIGN_STYLE = Manual;
				DEVELOPMENT_TEAM = "";
				INFOPLIST_FILE = FirstApp/Info.plist;
				LD_RUNPATH_SEARCH_PATHS = (
					"$(inherited)",
					"@executable_path/Frameworks",
				);
				PRODUCT_BUNDLE_IDENTIFIER = com.example.FirstApp;
				PRODUCT_NAME = "$(TARGET_NAME)";
				PROVISIONING_PROFILE_SPECIFIER = "";
				SWIFT_VERSION = 5.0;
				TARGETED_DEVICE_FAMILY = "1,2";
			};
			name = Debug;
		};
		C3745CA7243E10A5003A7D51 /* Release */ = {
			isa = XCBuildConfiguration;
			buildSettings = {
				ASSETCATALOG_COMPILER_APPICON_NAME = AppIcon;
				CODE_SIGN_STYLE = Manual;
				DEVELOPMENT_TEAM = "";
				INFOPLIST_FILE = FirstApp/Info.plist;
				LD_RUNPATH_SEARCH_PATHS = (
					"$(inherited)",
					"@executable_path/Frameworks",
				);
				PRODUCT_BUNDLE_IDENTIFIER = com.example.FirstApp;
				PRODUCT_NAME = "$(TARGET_NAME)";
				PROVISIONING_PROFILE_SPECIFIER = "";
				SWIFT_VERSION = 5.0;
				TARGETED_DEVICE_FAMILY = "1,2";
			};
			name = Release;
		};
		C3745CA9243E10A5003A7D51 /* Debug */ = {
			isa = XCBuildConfiguration;
			buildSettings = {
				ALWAYS_EMBED_SWIFT_STANDARD_LIBRARIES = YES;
				BUNDLE_LOADER = "$(TEST_HOST)";
				CODE_SIGN_STYLE = Automatic;
				INFOPLIST_FILE = FirstAppTests/Info.plist;
				IPHONEOS_DEPLOYMENT_TARGET = 13.2;
				LD_RUNPATH_SEARCH_PATHS = (
					"$(inherited)",
					"@executable_path/Frameworks",
					"@loader_path/Frameworks",
				);
				PRODUCT_BUNDLE_IDENTIFIER = com.example.FirstAppTests;
				PRODUCT_NAME = "$(TARGET_NAME)";
				SWIFT_VERSION = 5.0;
				TARGETED_DEVICE_FAMILY = "1,2";
				TEST_HOST = "$(BUILT_PRODUCTS_DIR)/FirstApp.app/FirstApp";
			};
			name = Debug;
		};
		C3745CAA243E10A5003A7D51 /* Release */ = {
			isa = XCBuildConfiguration;
			buildSettings = {
				ALWAYS_EMBED_SWIFT_STANDARD_LIBRARIES = YES;
				BUNDLE_LOADER = "$(TEST_HOST)";
				CODE_SIGN_STYLE = Automatic;
				INFOPLIST_FILE = FirstAppTests/Info.plist;
				IPHONEOS_DEPLOYMENT_TARGET = 13.2;
				LD_RUNPATH_SEARCH_PATHS = (
					"$(inherited)",
					"@executable_path/Frameworks",
					"@loader_path/Frameworks",
				);
				PRODUCT_BUNDLE_IDENTIFIER = com.example.FirstAppTests;
				PRODUCT_NAME = "$(TARGET_NAME)";
				SWIFT_VERSION = 5.0;
				TARGETED_DEVICE_FAMILY = "1,2";
				TEST_HOST = "$(BUILT_PRODUCTS_DIR)/FirstApp.app/FirstApp";
			};
			name = Release;
		};
		C3745CAC243E10A5003A7D51 /* Debug */ = {
			isa = XCBuildConfiguration;
			buildSettings = {
				ALWAYS_EMBED_SWIFT_STANDARD_LIBRARIES = YES;
				CODE_SIGN_STYLE = Automatic;
				INFOPLIST_FILE = FirstAppUITests/Info.plist;
				LD_RUNPATH_SEARCH_PATHS = (
					"$(inherited)",
					"@executable_path/Frameworks",
					"@loader_path/Frameworks",
				);
				PRODUCT_BUNDLE_IDENTIFIER = com.example.FirstAppUITests;
				PRODUCT_NAME = "$(TARGET_NAME)";
				SWIFT_VERSION = 5.0;
				TARGETED_DEVICE_FAMILY = "1,2";
				TEST_TARGET_NAME = FirstApp;
			};
			name = Debug;
		};
		C3745CAD243E10A5003A7D51 /* Release */ = {
			isa = XCBuildConfiguration;
			buildSettings = {
				ALWAYS_EMBED_SWIFT_STANDARD_LIBRARIES = YES;
				CODE_SIGN_STYLE = Automatic;
				INFOPLIST_FILE = FirstAppUITests/Info.plist;
				LD_RUNPATH_SEARCH_PATHS = (
					"$(inherited)",
					"@executable_path/Frameworks",
					"@loader_path/Frameworks",
				);
				PRODUCT_BUNDLE_IDENTIFIER = com.example.FirstAppUITests;
				PRODUCT_NAME = "$(TARGET_NAME)";
				SWIFT_VERSION = 5.0;
				TARGETED_DEVICE_FAMILY = "1,2";
				TEST_TARGET_NAME = FirstApp;
			};
			name = Release;
		};
/* End XCBuildConfiguration section */

/* Begin XCConfigurationList section */
		C3745C76243E10A4003A7D51 /* Build configuration list for PBXProject "FirstApp" */ = {
			isa = XCConfigurationList;
			buildConfigurations = (
				C3745CA3243E10A5003A7D51 /* Debug */,
				C3745CA4243E10A5003A7D51 /* Release */,
			);
			defaultConfigurationIsVisible = 0;
			defaultConfigurationName = Release;
		};
		C3745CA5243E10A5003A7D51 /* Build configuration list for PBXNativeTarget "FirstApp" */ = {
			isa = XCConfigurationList;
			buildConfigurations = (
				C3745CA6243E10A5003A7D51 /* Debug */,
				C3745CA7243E10A5003A7D51 /* Release */,
			);
			defaultConfigurationIsVisible = 0;
			defaultConfigurationName = Release;
		};
		C3745CA8243E10A5003A7D51 /* Build configuration list for PBXNativeTarget "FirstAppTests" */ = {
			isa = XCConfigurationList;
			buildConfigurations = (
				C3745CA9243E10A5003A7D51 /* Debug */,
				C3745CAA243E10A5003A7D51 /* Release */,
			);
			defaultConfigurationIsVisible = 0;
			defaultConfigurationName = Release;
		};
		C3745CAB243E10A5003A7D51 /* Build configuration list for PBXNativeTarget "FirstAppUITests" */ = {
			isa = XCConfigurationList;
			buildConfigurations = (
				C3745CAC243E10A5003A7D51 /* Debug */,
				C3745CAD243E10A5003A7D51 /* Release */,
			);
			defaultConfigurationIsVisible = 0;
			defaultConfigurationName = Release;
		};
/* End XCConfigurationList section */
	};
	rootObject = C3745C73243E10A4003A7D51 /* Project object */;
}
